
Microsoft Visual Studio Solution File, Format Version 12.00
# Visual Studio 2013
VisualStudioVersion = 12.0.21005.1
MinimumVisualStudioVersion = 10.0.40219.1
Project("{8BC9CEB8-8B4A-11D0-8D11-00A0C91BC942}") = "PRO.Branch", "PRO.Branch\PRO.Branch.vcxproj", "{A2397E16-EF7D-48F7-AA9C-1C02FAF88D75}"
EndProject
Project("{8BC9CEB8-8B4A-11D0-8D11-00A0C91BC942}") = "PRO.ChangeCoin", "PRO.ChangeCoin\PRO.ChangeCoin.vcxproj", "{8A068936-D465-4454-ACB2-C1B2F909E5F2}"
EndProject
Project("{8BC9CEB8-8B4A-11D0-8D11-00A0C91BC942}") = "PRO.Knapsack_unbounded", "PRO.Knapsack_unbounded\PRO.Knapsack_unbounded.vcxproj", "{06E99FC3-57E9-4AD3-8ACE-245CE648A8D5}"
EndProject
Project("{8BC9CEB8-8B4A-11D0-8D11-00A0C91BC942}") = "AD.Boundary", "AD.Boundary\AD.Boundary.vcxproj", "{AFE35C93-3A49-4ED5-8D13-DD8933CFCBCB}"
EndProject
Project("{8BC9CEB8-8B4A-11D0-8D11-00A0C91BC942}") = "AD.GoodSeq", "AD.GoodSeq\AD.GoodSeq.vcxproj", "{D55342E6-934C-403C-B51C-F56EF93C2E40}"
EndProject
Project("{8BC9CEB8-8B4A-11D0-8D11-00A0C91BC942}") = "PRO.UpStairs", "PRO.UpStairs\PRO.UpStairs.vcxproj", "{65652095-B0E3-49CB-B378-14DA8A849E49}"
EndProject
Project("{8BC9CEB8-8B4A-11D0-8D11-00A0C91BC942}") = "PRO.ChangeCoin_unbounded", "PRO.ChangeCoin_unbounded\PRO.ChangeCoin_unbounded.vcxproj", "{AB88A792-DFDA-40A0-AD8E-EEF3B18D3477}"
EndProject
Project("{8BC9CEB8-8B4A-11D0-8D11-00A0C91BC942}") = "PRO.Kanpsack2", "PRO.Kanpsack2\PRO.Kanpsack2.vcxproj", "{05C99B70-4D6F-49F6-A37D-AA7174C7662C}"
EndProject
Project("{8BC9CEB8-8B4A-11D0-8D11-00A0C91BC942}") = "PRO.QuickSort", "PRO.QuickSort\PRO.QuickSort.vcxproj", "{2189CF11-4F8B-410B-8E92-1DB03E63B557}"
EndProject
Project("{8BC9CEB8-8B4A-11D0-8D11-00A0C91BC942}") = "AD.Jangkki", "AD.Jangkki\AD.Jangkki.vcxproj", "{791380DC-5A7D-4F68-8BF0-585E8300602C}"
EndProject
Project("{8BC9CEB8-8B4A-11D0-8D11-00A0C91BC942}") = "PRO.MakeLine", "PRO.MakeLine\PRO.MakeLine.vcxproj", "{75C9F76F-9F5B-4D07-B586-9AB90DBD5BAF}"
EndProject
Project("{8BC9CEB8-8B4A-11D0-8D11-00A0C91BC942}") = "PRO.MovieTheater", "PRO.MovieTheater\PRO.MovieTheater.vcxproj", "{FD673CB8-E2FF-4131-BC91-7BE17DF78B09}"
EndProject
Project("{8BC9CEB8-8B4A-11D0-8D11-00A0C91BC942}") = "PRO.NumberCard", "PRO.NumberCard\PRO.NumberCard.vcxproj", "{44DD350E-0DE5-4CAA-B14D-28996CD9AEB1}"
EndProject
Project("{8BC9CEB8-8B4A-11D0-8D11-00A0C91BC942}") = "PRO.CarRacing_Jungol_1491", "PRO.CarRacing_Jungol_1491\PRO.CarRacing_Jungol_1491.vcxproj", "{B21AA22A-43D8-4E6A-812F-B5C9EB9530F3}"
EndProject
Project("{8BC9CEB8-8B4A-11D0-8D11-00A0C91BC942}") = "PRO.JeepssinBug.Jungol.1882", "PRO.JeepssinBug.Jungol.1882\PRO.JeepssinBug.Jungol.1882.vcxproj", "{8F627640-E0AF-4420-B5EB-57A5323221F1}"
EndProject
Project("{8BC9CEB8-8B4A-11D0-8D11-00A0C91BC942}") = "PRO.ChangeCoin.Jungol.1382", "PRO.ChangeCoin.Jungol.1382\PRO.ChangeCoin.Jungol.1382.vcxproj", "{F240FE55-C628-447E-B3ED-101D4E85CB8A}"
EndProject
Project("{8BC9CEB8-8B4A-11D0-8D11-00A0C91BC942}") = "PRO.ColorPaper.Jungol.1510.161108", "PRO.ColorPaper.Jungol.1510.161108\PRO.ColorPaper.Jungol.1510.161108.vcxproj", "{4185274A-63FF-4897-992C-24D41FBF8CC4}"
EndProject
Project("{8BC9CEB8-8B4A-11D0-8D11-00A0C91BC942}") = "PRO.HighestTower.Jungol.1539.161109", "PRO.HighestTower.Jungol.1539.161109\PRO.HighestTower.Jungol.1539.161109.vcxproj", "{5AB6FDAF-D0D2-4755-BCDF-486B78441890}"
EndProject
Project("{8BC9CEB8-8B4A-11D0-8D11-00A0C91BC942}") = "PRO.GlassBallGame.Jungol.1749.161127", "PRO.GlassBallGame.Jungol.1749.161127\PRO.GlassBallGame.Jungol.1749.161127.vcxproj", "{C7A65211-1034-4BEC-A32B-4C9E44DF120A}"
EndProject
Project("{8BC9CEB8-8B4A-11D0-8D11-00A0C91BC942}") = "PRO.LightBulb.Jungol.2251.161201", "PRO.LightBulb.Jungol.2251.161201\PRO.LightBulb.Jungol.2251.161201.vcxproj", "{9FEAF5A0-C133-4FB2-B2C9-A6F2AE77CF7A}"
EndProject
Project("{8BC9CEB8-8B4A-11D0-8D11-00A0C91BC942}") = "PRO.ColorSelect.Jungol.2264.161204", "PRO.ColorSelect.Jungol.2264.161204\PRO.ColorSelect.Jungol.2264.161204.vcxproj", "{ACE1C1BC-970A-4774-AEDC-415AA3CD4D2E}"
EndProject
Project("{8BC9CEB8-8B4A-11D0-8D11-00A0C91BC942}") = "PRO.3LineTile.Jungol.2112.161211", "PRO.3LineTile.Jungol.2112.161211\PRO.3LineTile.Jungol.2112.161211.vcxproj", "{9D33D6EC-01A3-47B5-86F1-FB3014923D68}"
EndProject
Project("{8BC9CEB8-8B4A-11D0-8D11-00A0C91BC942}") = "PRO.Subway.Jungol.2097.161211", "PRO.Subway.Jungol.2097.161211\PRO.Subway.Jungol.2097.161211.vcxproj", "{5EB71B99-5BBF-41AF-B346-E677094DF063}"
EndProject
Project("{8BC9CEB8-8B4A-11D0-8D11-00A0C91BC942}") = "PRO.DescendingRaod.Jungol.1024.161213", "PRO.DescendingRaod.Jungol.1024.161213\PRO.DescendingRaod.Jungol.1024.161213.vcxproj", "{E2B3B491-2272-4BBA-AE58-59F34C2D7780}"
EndProject
Project("{8BC9CEB8-8B4A-11D0-8D11-00A0C91BC942}") = "PRO.LittleTrain.Jungol.1019.161218", "PRO.LittleTrain.Jungol.1019.161218\PRO.LittleTrain.Jungol.1019.161218.vcxproj", "{8215BA3E-28A9-4244-A970-8AECFD991873}"
EndProject
Project("{8BC9CEB8-8B4A-11D0-8D11-00A0C91BC942}") = "PRO.ElectricWire.Jungol.1408.161224", "PRO.ElectricWire.Jungol.1408.161224\PRO.ElectricWire.Jungol.1408.161224.vcxproj", "{B6BA3002-0DDB-432D-9EE5-813E8A0709FD}"
EndProject
Project("{8BC9CEB8-8B4A-11D0-8D11-00A0C91BC942}") = "PRO.MergeSort", "PRO.MergeSort\PRO.MergeSort.vcxproj", "{BEDFA6E5-1AE2-4D67-95CA-CCBA4033ABA9}"
EndProject
Project("{8BC9CEB8-8B4A-11D0-8D11-00A0C91BC942}") = "PRO.FindPath.Jungol.1677.170108", "PRO.FindPath.Jungol.1677.170108\PRO.FindPath.Jungol.1677.170108.vcxproj", "{AD96177D-C352-4D21-B7D6-1CA323144932}"
EndProject
Project("{8BC9CEB8-8B4A-11D0-8D11-00A0C91BC942}") = "PRO.PanBalance.Jungol.1352.170108", "PRO.PanBalance.Jungol.1352.170108\PRO.PanBalance.Jungol.1352.170108.vcxproj", "{FAA52270-8315-48B4-BA35-4A2E61018BED}"
EndProject
Project("{8BC9CEB8-8B4A-11D0-8D11-00A0C91BC942}") = "PRO.Gene.Jungol.1701.170113", "PRO.Gene.Jungol.1701.170113\PRO.Gene.Jungol.1701.170113.vcxproj", "{D0C978CC-F9B3-42C3-960F-FD52868A913F}"
EndProject
Project("{8BC9CEB8-8B4A-11D0-8D11-00A0C91BC942}") = "PRO.Apps.Jungol.2616.170122", "PRO.Apps.Jungol.2616.170122\PRO.Apps.Jungol.2616.170122.vcxproj", "{70BC93EE-FDBF-4E02-8A94-1564FDC98EAD}"
EndProject
Project("{8BC9CEB8-8B4A-11D0-8D11-00A0C91BC942}") = "PRO.HandShake.Jungol.1235.170131", "PRO.HandShake.Jungol.1235.170131\PRO.HandShake.Jungol.1235.170131.vcxproj", "{9D467E20-D5AC-4ECF-9ED1-BDFFCC0C52C8}"
EndProject
Project("{8BC9CEB8-8B4A-11D0-8D11-00A0C91BC942}") = "PRO.LongestCommonSeq.Jungol.1220.170205", "PRO.LongestCommonSeq.Jungol.1220.170205\PRO.LongestCommonSeq.Jungol.1220.170205.vcxproj", "{74C462AF-D860-4E99-A377-62CF588DE410}"
EndProject
Project("{8BC9CEB8-8B4A-11D0-8D11-00A0C91BC942}") = "PRO.LeastEdit.Jungol.2191.170209", "PRO.LeastEdit.Jungol.2191.170209\PRO.LeastEdit.Jungol.2191.170209.vcxproj", "{01E06675-2E46-4B02-9ABA-E8B4AB9350F2}"
EndProject
Project("{8BC9CEB8-8B4A-11D0-8D11-00A0C91BC942}") = "PRO.Exhibition.2584.170211", "PRO.Exhibition.2584.170211\PRO.Exhibition.2584.170211.vcxproj", "{AC3968CB-056B-454D-898A-562626359E78}"
EndProject
Project("{8BC9CEB8-8B4A-11D0-8D11-00A0C91BC942}") = "PRO.CompanyFunding.Jungol.1825.170224", "PRO.CompanyFunding.Jungol.1825.170224\PRO.CompanyFunding.Jungol.1825.170224.vcxproj", "{8434EBB7-116D-480B-AE9D-F108BB1A175D}"
EndProject
Project("{8BC9CEB8-8B4A-11D0-8D11-00A0C91BC942}") = "AD.UsedCar", "AD.UsedCar\AD.UsedCar.vcxproj", "{F5EAFDB7-F5D9-44BE-8C50-B0AF6F90C1F5}"
EndProject
Project("{8BC9CEB8-8B4A-11D0-8D11-00A0C91BC942}") = "PRO.Virus", "PRO.Virus\PRO.Virus.vcxproj", "{E55EA8E8-156C-4F62-B81B-A7E0C6887AAF}"
EndProject
Project("{8BC9CEB8-8B4A-11D0-8D11-00A0C91BC942}") = "ALG.LIS.170313", "ALG.LIS.170313\ALG.LIS.170313.vcxproj", "{C1578FD8-57B4-4B79-B7C4-D00F5DD60BFD}"
EndProject
Project("{8BC9CEB8-8B4A-11D0-8D11-00A0C91BC942}") = "Jungol", "Jungol\Jungol.vcxproj", "{9C3F28A6-B885-4D06-B27E-3BD531E491B0}"
EndProject
Project("{8BC9CEB8-8B4A-11D0-8D11-00A0C91BC942}") = "J.2LineTile.1411.160601", "J.2LineTile.1411.160601\J.2LineTile.1411.160601.vcxproj", "{A5EF7DDE-C023-4992-9B01-D8C376CBFBC7}"
EndProject
Project("{8BC9CEB8-8B4A-11D0-8D11-00A0C91BC942}") = "J.StoneBridge.1014.170224", "J.StoneBridge.1014.170224\J.StoneBridge.1014.170224.vcxproj", "{63F502BD-FF49-4E02-A509-43DA62A6D1AB}"
EndProject
Project("{8BC9CEB8-8B4A-11D0-8D11-00A0C91BC942}") = "ALG.SeqSumMax.170404", "ALG.SeqSumMax.170404\ALG.SeqSumMax.170404.vcxproj", "{F0A1FD04-37D8-4254-873D-6E317786EC7A}"
EndProject
Project("{8BC9CEB8-8B4A-11D0-8D11-00A0C91BC942}") = "ALG.Boggle.170406", "ALG.Boggle.170406\ALG.Boggle.170406.vcxproj", "{48A72A80-DA71-477A-A496-52F52C21E124}"
EndProject
Project("{8BC9CEB8-8B4A-11D0-8D11-00A0C91BC942}") = "CodeJam.Tidy.2017", "CodeJam.Tidy.2017\CodeJam.Tidy.2017.vcxproj", "{602841F2-EF05-45B9-8BEA-7BA1E3DA83B8}"
EndProject
Project("{8BC9CEB8-8B4A-11D0-8D11-00A0C91BC942}") = "ALG.Fence.170409", "ALG.Fence.170409\ALG.Fence.170409.vcxproj", "{D217EF90-7BA6-40FF-8F09-D1DC08D99610}"
EndProject
Project("{8BC9CEB8-8B4A-11D0-8D11-00A0C91BC942}") = "ALG.TSP.170411", "ALG.TSP.170411\ALG.TSP.170411.vcxproj", "{8B5ED67E-2C4F-444B-8314-0847F8F2C946}"
EndProject
Project("{8BC9CEB8-8B4A-11D0-8D11-00A0C91BC942}") = "ALG.PrimeNumber.170412", "ALG.PrimeNumber.170412\ALG.PrimeNumber.170412.vcxproj", "{9A6CEF1C-1FE9-40B7-A1F9-5630848AFF4A}"
EndProject
Global
	GlobalSection(SolutionConfigurationPlatforms) = preSolution
		Debug|Win32 = Debug|Win32
		Release|Win32 = Release|Win32
	EndGlobalSection
	GlobalSection(ProjectConfigurationPlatforms) = postSolution
		{A2397E16-EF7D-48F7-AA9C-1C02FAF88D75}.Debug|Win32.ActiveCfg = Debug|Win32
		{A2397E16-EF7D-48F7-AA9C-1C02FAF88D75}.Debug|Win32.Build.0 = Debug|Win32
		{A2397E16-EF7D-48F7-AA9C-1C02FAF88D75}.Release|Win32.ActiveCfg = Release|Win32
		{A2397E16-EF7D-48F7-AA9C-1C02FAF88D75}.Release|Win32.Build.0 = Release|Win32
		{8A068936-D465-4454-ACB2-C1B2F909E5F2}.Debug|Win32.ActiveCfg = Debug|Win32
		{8A068936-D465-4454-ACB2-C1B2F909E5F2}.Debug|Win32.Build.0 = Debug|Win32
		{8A068936-D465-4454-ACB2-C1B2F909E5F2}.Release|Win32.ActiveCfg = Release|Win32
		{8A068936-D465-4454-ACB2-C1B2F909E5F2}.Release|Win32.Build.0 = Release|Win32
		{06E99FC3-57E9-4AD3-8ACE-245CE648A8D5}.Debug|Win32.ActiveCfg = Debug|Win32
		{06E99FC3-57E9-4AD3-8ACE-245CE648A8D5}.Debug|Win32.Build.0 = Debug|Win32
		{06E99FC3-57E9-4AD3-8ACE-245CE648A8D5}.Release|Win32.ActiveCfg = Release|Win32
		{06E99FC3-57E9-4AD3-8ACE-245CE648A8D5}.Release|Win32.Build.0 = Release|Win32
		{AFE35C93-3A49-4ED5-8D13-DD8933CFCBCB}.Debug|Win32.ActiveCfg = Debug|Win32
		{AFE35C93-3A49-4ED5-8D13-DD8933CFCBCB}.Debug|Win32.Build.0 = Debug|Win32
		{AFE35C93-3A49-4ED5-8D13-DD8933CFCBCB}.Release|Win32.ActiveCfg = Release|Win32
		{AFE35C93-3A49-4ED5-8D13-DD8933CFCBCB}.Release|Win32.Build.0 = Release|Win32
		{D55342E6-934C-403C-B51C-F56EF93C2E40}.Debug|Win32.ActiveCfg = Debug|Win32
		{D55342E6-934C-403C-B51C-F56EF93C2E40}.Debug|Win32.Build.0 = Debug|Win32
		{D55342E6-934C-403C-B51C-F56EF93C2E40}.Release|Win32.ActiveCfg = Release|Win32
		{D55342E6-934C-403C-B51C-F56EF93C2E40}.Release|Win32.Build.0 = Release|Win32
		{65652095-B0E3-49CB-B378-14DA8A849E49}.Debug|Win32.ActiveCfg = Debug|Win32
		{65652095-B0E3-49CB-B378-14DA8A849E49}.Debug|Win32.Build.0 = Debug|Win32
		{65652095-B0E3-49CB-B378-14DA8A849E49}.Release|Win32.ActiveCfg = Release|Win32
		{65652095-B0E3-49CB-B378-14DA8A849E49}.Release|Win32.Build.0 = Release|Win32
		{AB88A792-DFDA-40A0-AD8E-EEF3B18D3477}.Debug|Win32.ActiveCfg = Debug|Win32
		{AB88A792-DFDA-40A0-AD8E-EEF3B18D3477}.Debug|Win32.Build.0 = Debug|Win32
		{AB88A792-DFDA-40A0-AD8E-EEF3B18D3477}.Release|Win32.ActiveCfg = Release|Win32
		{AB88A792-DFDA-40A0-AD8E-EEF3B18D3477}.Release|Win32.Build.0 = Release|Win32
		{05C99B70-4D6F-49F6-A37D-AA7174C7662C}.Debug|Win32.ActiveCfg = Debug|Win32
		{05C99B70-4D6F-49F6-A37D-AA7174C7662C}.Debug|Win32.Build.0 = Debug|Win32
		{05C99B70-4D6F-49F6-A37D-AA7174C7662C}.Release|Win32.ActiveCfg = Release|Win32
		{05C99B70-4D6F-49F6-A37D-AA7174C7662C}.Release|Win32.Build.0 = Release|Win32
		{2189CF11-4F8B-410B-8E92-1DB03E63B557}.Debug|Win32.ActiveCfg = Debug|Win32
		{2189CF11-4F8B-410B-8E92-1DB03E63B557}.Debug|Win32.Build.0 = Debug|Win32
		{2189CF11-4F8B-410B-8E92-1DB03E63B557}.Release|Win32.ActiveCfg = Release|Win32
		{2189CF11-4F8B-410B-8E92-1DB03E63B557}.Release|Win32.Build.0 = Release|Win32
		{791380DC-5A7D-4F68-8BF0-585E8300602C}.Debug|Win32.ActiveCfg = Debug|Win32
		{791380DC-5A7D-4F68-8BF0-585E8300602C}.Debug|Win32.Build.0 = Debug|Win32
		{791380DC-5A7D-4F68-8BF0-585E8300602C}.Release|Win32.ActiveCfg = Release|Win32
		{791380DC-5A7D-4F68-8BF0-585E8300602C}.Release|Win32.Build.0 = Release|Win32
		{75C9F76F-9F5B-4D07-B586-9AB90DBD5BAF}.Debug|Win32.ActiveCfg = Debug|Win32
		{75C9F76F-9F5B-4D07-B586-9AB90DBD5BAF}.Debug|Win32.Build.0 = Debug|Win32
		{75C9F76F-9F5B-4D07-B586-9AB90DBD5BAF}.Release|Win32.ActiveCfg = Release|Win32
		{75C9F76F-9F5B-4D07-B586-9AB90DBD5BAF}.Release|Win32.Build.0 = Release|Win32
		{FD673CB8-E2FF-4131-BC91-7BE17DF78B09}.Debug|Win32.ActiveCfg = Debug|Win32
		{FD673CB8-E2FF-4131-BC91-7BE17DF78B09}.Debug|Win32.Build.0 = Debug|Win32
		{FD673CB8-E2FF-4131-BC91-7BE17DF78B09}.Release|Win32.ActiveCfg = Release|Win32
		{FD673CB8-E2FF-4131-BC91-7BE17DF78B09}.Release|Win32.Build.0 = Release|Win32
		{44DD350E-0DE5-4CAA-B14D-28996CD9AEB1}.Debug|Win32.ActiveCfg = Debug|Win32
		{44DD350E-0DE5-4CAA-B14D-28996CD9AEB1}.Debug|Win32.Build.0 = Debug|Win32
		{44DD350E-0DE5-4CAA-B14D-28996CD9AEB1}.Release|Win32.ActiveCfg = Release|Win32
		{44DD350E-0DE5-4CAA-B14D-28996CD9AEB1}.Release|Win32.Build.0 = Release|Win32
		{B21AA22A-43D8-4E6A-812F-B5C9EB9530F3}.Debug|Win32.ActiveCfg = Debug|Win32
		{B21AA22A-43D8-4E6A-812F-B5C9EB9530F3}.Debug|Win32.Build.0 = Debug|Win32
		{B21AA22A-43D8-4E6A-812F-B5C9EB9530F3}.Release|Win32.ActiveCfg = Release|Win32
		{B21AA22A-43D8-4E6A-812F-B5C9EB9530F3}.Release|Win32.Build.0 = Release|Win32
		{8F627640-E0AF-4420-B5EB-57A5323221F1}.Debug|Win32.ActiveCfg = Debug|Win32
		{8F627640-E0AF-4420-B5EB-57A5323221F1}.Debug|Win32.Build.0 = Debug|Win32
		{8F627640-E0AF-4420-B5EB-57A5323221F1}.Release|Win32.ActiveCfg = Release|Win32
		{8F627640-E0AF-4420-B5EB-57A5323221F1}.Release|Win32.Build.0 = Release|Win32
		{F240FE55-C628-447E-B3ED-101D4E85CB8A}.Debug|Win32.ActiveCfg = Debug|Win32
		{F240FE55-C628-447E-B3ED-101D4E85CB8A}.Debug|Win32.Build.0 = Debug|Win32
		{F240FE55-C628-447E-B3ED-101D4E85CB8A}.Release|Win32.ActiveCfg = Release|Win32
		{F240FE55-C628-447E-B3ED-101D4E85CB8A}.Release|Win32.Build.0 = Release|Win32
		{4185274A-63FF-4897-992C-24D41FBF8CC4}.Debug|Win32.ActiveCfg = Debug|Win32
		{4185274A-63FF-4897-992C-24D41FBF8CC4}.Debug|Win32.Build.0 = Debug|Win32
		{4185274A-63FF-4897-992C-24D41FBF8CC4}.Release|Win32.ActiveCfg = Release|Win32
		{4185274A-63FF-4897-992C-24D41FBF8CC4}.Release|Win32.Build.0 = Release|Win32
		{5AB6FDAF-D0D2-4755-BCDF-486B78441890}.Debug|Win32.ActiveCfg = Debug|Win32
		{5AB6FDAF-D0D2-4755-BCDF-486B78441890}.Debug|Win32.Build.0 = Debug|Win32
		{5AB6FDAF-D0D2-4755-BCDF-486B78441890}.Release|Win32.ActiveCfg = Release|Win32
		{5AB6FDAF-D0D2-4755-BCDF-486B78441890}.Release|Win32.Build.0 = Release|Win32
		{C7A65211-1034-4BEC-A32B-4C9E44DF120A}.Debug|Win32.ActiveCfg = Debug|Win32
		{C7A65211-1034-4BEC-A32B-4C9E44DF120A}.Debug|Win32.Build.0 = Debug|Win32
		{C7A65211-1034-4BEC-A32B-4C9E44DF120A}.Release|Win32.ActiveCfg = Release|Win32
		{C7A65211-1034-4BEC-A32B-4C9E44DF120A}.Release|Win32.Build.0 = Release|Win32
		{9FEAF5A0-C133-4FB2-B2C9-A6F2AE77CF7A}.Debug|Win32.ActiveCfg = Debug|Win32
		{9FEAF5A0-C133-4FB2-B2C9-A6F2AE77CF7A}.Debug|Win32.Build.0 = Debug|Win32
		{9FEAF5A0-C133-4FB2-B2C9-A6F2AE77CF7A}.Release|Win32.ActiveCfg = Release|Win32
		{9FEAF5A0-C133-4FB2-B2C9-A6F2AE77CF7A}.Release|Win32.Build.0 = Release|Win32
		{ACE1C1BC-970A-4774-AEDC-415AA3CD4D2E}.Debug|Win32.ActiveCfg = Debug|Win32
		{ACE1C1BC-970A-4774-AEDC-415AA3CD4D2E}.Debug|Win32.Build.0 = Debug|Win32
		{ACE1C1BC-970A-4774-AEDC-415AA3CD4D2E}.Release|Win32.ActiveCfg = Release|Win32
		{ACE1C1BC-970A-4774-AEDC-415AA3CD4D2E}.Release|Win32.Build.0 = Release|Win32
		{9D33D6EC-01A3-47B5-86F1-FB3014923D68}.Debug|Win32.ActiveCfg = Debug|Win32
		{9D33D6EC-01A3-47B5-86F1-FB3014923D68}.Debug|Win32.Build.0 = Debug|Win32
		{9D33D6EC-01A3-47B5-86F1-FB3014923D68}.Release|Win32.ActiveCfg = Release|Win32
		{9D33D6EC-01A3-47B5-86F1-FB3014923D68}.Release|Win32.Build.0 = Release|Win32
		{5EB71B99-5BBF-41AF-B346-E677094DF063}.Debug|Win32.ActiveCfg = Debug|Win32
		{5EB71B99-5BBF-41AF-B346-E677094DF063}.Debug|Win32.Build.0 = Debug|Win32
		{5EB71B99-5BBF-41AF-B346-E677094DF063}.Release|Win32.ActiveCfg = Release|Win32
		{5EB71B99-5BBF-41AF-B346-E677094DF063}.Release|Win32.Build.0 = Release|Win32
		{E2B3B491-2272-4BBA-AE58-59F34C2D7780}.Debug|Win32.ActiveCfg = Debug|Win32
		{E2B3B491-2272-4BBA-AE58-59F34C2D7780}.Debug|Win32.Build.0 = Debug|Win32
		{E2B3B491-2272-4BBA-AE58-59F34C2D7780}.Release|Win32.ActiveCfg = Release|Win32
		{E2B3B491-2272-4BBA-AE58-59F34C2D7780}.Release|Win32.Build.0 = Release|Win32
		{8215BA3E-28A9-4244-A970-8AECFD991873}.Debug|Win32.ActiveCfg = Debug|Win32
		{8215BA3E-28A9-4244-A970-8AECFD991873}.Debug|Win32.Build.0 = Debug|Win32
		{8215BA3E-28A9-4244-A970-8AECFD991873}.Release|Win32.ActiveCfg = Release|Win32
		{8215BA3E-28A9-4244-A970-8AECFD991873}.Release|Win32.Build.0 = Release|Win32
		{B6BA3002-0DDB-432D-9EE5-813E8A0709FD}.Debug|Win32.ActiveCfg = Debug|Win32
		{B6BA3002-0DDB-432D-9EE5-813E8A0709FD}.Debug|Win32.Build.0 = Debug|Win32
		{B6BA3002-0DDB-432D-9EE5-813E8A0709FD}.Release|Win32.ActiveCfg = Release|Win32
		{B6BA3002-0DDB-432D-9EE5-813E8A0709FD}.Release|Win32.Build.0 = Release|Win32
		{BEDFA6E5-1AE2-4D67-95CA-CCBA4033ABA9}.Debug|Win32.ActiveCfg = Debug|Win32
		{BEDFA6E5-1AE2-4D67-95CA-CCBA4033ABA9}.Debug|Win32.Build.0 = Debug|Win32
		{BEDFA6E5-1AE2-4D67-95CA-CCBA4033ABA9}.Release|Win32.ActiveCfg = Release|Win32
		{BEDFA6E5-1AE2-4D67-95CA-CCBA4033ABA9}.Release|Win32.Build.0 = Release|Win32
		{AD96177D-C352-4D21-B7D6-1CA323144932}.Debug|Win32.ActiveCfg = Debug|Win32
		{AD96177D-C352-4D21-B7D6-1CA323144932}.Debug|Win32.Build.0 = Debug|Win32
		{AD96177D-C352-4D21-B7D6-1CA323144932}.Release|Win32.ActiveCfg = Release|Win32
		{AD96177D-C352-4D21-B7D6-1CA323144932}.Release|Win32.Build.0 = Release|Win32
		{FAA52270-8315-48B4-BA35-4A2E61018BED}.Debug|Win32.ActiveCfg = Debug|Win32
		{FAA52270-8315-48B4-BA35-4A2E61018BED}.Debug|Win32.Build.0 = Debug|Win32
		{FAA52270-8315-48B4-BA35-4A2E61018BED}.Release|Win32.ActiveCfg = Release|Win32
		{FAA52270-8315-48B4-BA35-4A2E61018BED}.Release|Win32.Build.0 = Release|Win32
		{D0C978CC-F9B3-42C3-960F-FD52868A913F}.Debug|Win32.ActiveCfg = Debug|Win32
		{D0C978CC-F9B3-42C3-960F-FD52868A913F}.Debug|Win32.Build.0 = Debug|Win32
		{D0C978CC-F9B3-42C3-960F-FD52868A913F}.Release|Win32.ActiveCfg = Release|Win32
		{D0C978CC-F9B3-42C3-960F-FD52868A913F}.Release|Win32.Build.0 = Release|Win32
		{70BC93EE-FDBF-4E02-8A94-1564FDC98EAD}.Debug|Win32.ActiveCfg = Debug|Win32
		{70BC93EE-FDBF-4E02-8A94-1564FDC98EAD}.Debug|Win32.Build.0 = Debug|Win32
		{70BC93EE-FDBF-4E02-8A94-1564FDC98EAD}.Release|Win32.ActiveCfg = Release|Win32
		{70BC93EE-FDBF-4E02-8A94-1564FDC98EAD}.Release|Win32.Build.0 = Release|Win32
		{9D467E20-D5AC-4ECF-9ED1-BDFFCC0C52C8}.Debug|Win32.ActiveCfg = Debug|Win32
		{9D467E20-D5AC-4ECF-9ED1-BDFFCC0C52C8}.Debug|Win32.Build.0 = Debug|Win32
		{9D467E20-D5AC-4ECF-9ED1-BDFFCC0C52C8}.Release|Win32.ActiveCfg = Release|Win32
		{9D467E20-D5AC-4ECF-9ED1-BDFFCC0C52C8}.Release|Win32.Build.0 = Release|Win32
		{74C462AF-D860-4E99-A377-62CF588DE410}.Debug|Win32.ActiveCfg = Debug|Win32
		{74C462AF-D860-4E99-A377-62CF588DE410}.Debug|Win32.Build.0 = Debug|Win32
		{74C462AF-D860-4E99-A377-62CF588DE410}.Release|Win32.ActiveCfg = Release|Win32
		{74C462AF-D860-4E99-A377-62CF588DE410}.Release|Win32.Build.0 = Release|Win32
		{01E06675-2E46-4B02-9ABA-E8B4AB9350F2}.Debug|Win32.ActiveCfg = Debug|Win32
		{01E06675-2E46-4B02-9ABA-E8B4AB9350F2}.Debug|Win32.Build.0 = Debug|Win32
		{01E06675-2E46-4B02-9ABA-E8B4AB9350F2}.Release|Win32.ActiveCfg = Release|Win32
		{01E06675-2E46-4B02-9ABA-E8B4AB9350F2}.Release|Win32.Build.0 = Release|Win32
		{AC3968CB-056B-454D-898A-562626359E78}.Debug|Win32.ActiveCfg = Debug|Win32
		{AC3968CB-056B-454D-898A-562626359E78}.Debug|Win32.Build.0 = Debug|Win32
		{AC3968CB-056B-454D-898A-562626359E78}.Release|Win32.ActiveCfg = Release|Win32
		{AC3968CB-056B-454D-898A-562626359E78}.Release|Win32.Build.0 = Release|Win32
		{8434EBB7-116D-480B-AE9D-F108BB1A175D}.Debug|Win32.ActiveCfg = Debug|Win32
		{8434EBB7-116D-480B-AE9D-F108BB1A175D}.Debug|Win32.Build.0 = Debug|Win32
		{8434EBB7-116D-480B-AE9D-F108BB1A175D}.Release|Win32.ActiveCfg = Release|Win32
		{8434EBB7-116D-480B-AE9D-F108BB1A175D}.Release|Win32.Build.0 = Release|Win32
		{F5EAFDB7-F5D9-44BE-8C50-B0AF6F90C1F5}.Debug|Win32.ActiveCfg = Debug|Win32
		{F5EAFDB7-F5D9-44BE-8C50-B0AF6F90C1F5}.Debug|Win32.Build.0 = Debug|Win32
		{F5EAFDB7-F5D9-44BE-8C50-B0AF6F90C1F5}.Release|Win32.ActiveCfg = Release|Win32
		{F5EAFDB7-F5D9-44BE-8C50-B0AF6F90C1F5}.Release|Win32.Build.0 = Release|Win32
		{E55EA8E8-156C-4F62-B81B-A7E0C6887AAF}.Debug|Win32.ActiveCfg = Debug|Win32
		{E55EA8E8-156C-4F62-B81B-A7E0C6887AAF}.Debug|Win32.Build.0 = Debug|Win32
		{E55EA8E8-156C-4F62-B81B-A7E0C6887AAF}.Release|Win32.ActiveCfg = Release|Win32
		{E55EA8E8-156C-4F62-B81B-A7E0C6887AAF}.Release|Win32.Build.0 = Release|Win32
		{C1578FD8-57B4-4B79-B7C4-D00F5DD60BFD}.Debug|Win32.ActiveCfg = Debug|Win32
		{C1578FD8-57B4-4B79-B7C4-D00F5DD60BFD}.Debug|Win32.Build.0 = Debug|Win32
		{C1578FD8-57B4-4B79-B7C4-D00F5DD60BFD}.Release|Win32.ActiveCfg = Release|Win32
		{C1578FD8-57B4-4B79-B7C4-D00F5DD60BFD}.Release|Win32.Build.0 = Release|Win32
		{9C3F28A6-B885-4D06-B27E-3BD531E491B0}.Debug|Win32.ActiveCfg = Debug|Win32
		{9C3F28A6-B885-4D06-B27E-3BD531E491B0}.Debug|Win32.Build.0 = Debug|Win32
		{9C3F28A6-B885-4D06-B27E-3BD531E491B0}.Release|Win32.ActiveCfg = Release|Win32
		{9C3F28A6-B885-4D06-B27E-3BD531E491B0}.Release|Win32.Build.0 = Release|Win32
		{A5EF7DDE-C023-4992-9B01-D8C376CBFBC7}.Debug|Win32.ActiveCfg = Debug|Win32
		{A5EF7DDE-C023-4992-9B01-D8C376CBFBC7}.Debug|Win32.Build.0 = Debug|Win32
		{A5EF7DDE-C023-4992-9B01-D8C376CBFBC7}.Release|Win32.ActiveCfg = Release|Win32
		{A5EF7DDE-C023-4992-9B01-D8C376CBFBC7}.Release|Win32.Build.0 = Release|Win32
		{63F502BD-FF49-4E02-A509-43DA62A6D1AB}.Debug|Win32.ActiveCfg = Debug|Win32
		{63F502BD-FF49-4E02-A509-43DA62A6D1AB}.Debug|Win32.Build.0 = Debug|Win32
		{63F502BD-FF49-4E02-A509-43DA62A6D1AB}.Release|Win32.ActiveCfg = Release|Win32
		{63F502BD-FF49-4E02-A509-43DA62A6D1AB}.Release|Win32.Build.0 = Release|Win32
		{F0A1FD04-37D8-4254-873D-6E317786EC7A}.Debug|Win32.ActiveCfg = Debug|Win32
		{F0A1FD04-37D8-4254-873D-6E317786EC7A}.Debug|Win32.Build.0 = Debug|Win32
		{F0A1FD04-37D8-4254-873D-6E317786EC7A}.Release|Win32.ActiveCfg = Release|Win32
		{F0A1FD04-37D8-4254-873D-6E317786EC7A}.Release|Win32.Build.0 = Release|Win32
		{48A72A80-DA71-477A-A496-52F52C21E124}.Debug|Win32.ActiveCfg = Debug|Win32
		{48A72A80-DA71-477A-A496-52F52C21E124}.Debug|Win32.Build.0 = Debug|Win32
		{48A72A80-DA71-477A-A496-52F52C21E124}.Release|Win32.ActiveCfg = Release|Win32
		{48A72A80-DA71-477A-A496-52F52C21E124}.Release|Win32.Build.0 = Release|Win32
		{602841F2-EF05-45B9-8BEA-7BA1E3DA83B8}.Debug|Win32.ActiveCfg = Debug|Win32
		{602841F2-EF05-45B9-8BEA-7BA1E3DA83B8}.Debug|Win32.Build.0 = Debug|Win32
		{602841F2-EF05-45B9-8BEA-7BA1E3DA83B8}.Release|Win32.ActiveCfg = Release|Win32
		{602841F2-EF05-45B9-8BEA-7BA1E3DA83B8}.Release|Win32.Build.0 = Release|Win32
		{D217EF90-7BA6-40FF-8F09-D1DC08D99610}.Debug|Win32.ActiveCfg = Debug|Win32
		{D217EF90-7BA6-40FF-8F09-D1DC08D99610}.Debug|Win32.Build.0 = Debug|Win32
		{D217EF90-7BA6-40FF-8F09-D1DC08D99610}.Release|Win32.ActiveCfg = Release|Win32
		{D217EF90-7BA6-40FF-8F09-D1DC08D99610}.Release|Win32.Build.0 = Release|Win32
		{8B5ED67E-2C4F-444B-8314-0847F8F2C946}.Debug|Win32.ActiveCfg = Debug|Win32
		{8B5ED67E-2C4F-444B-8314-0847F8F2C946}.Debug|Win32.Build.0 = Debug|Win32
		{8B5ED67E-2C4F-444B-8314-0847F8F2C946}.Release|Win32.ActiveCfg = Release|Win32
		{8B5ED67E-2C4F-444B-8314-0847F8F2C946}.Release|Win32.Build.0 = Release|Win32
		{9A6CEF1C-1FE9-40B7-A1F9-5630848AFF4A}.Debug|Win32.ActiveCfg = Debug|Win32
		{9A6CEF1C-1FE9-40B7-A1F9-5630848AFF4A}.Debug|Win32.Build.0 = Debug|Win32
		{9A6CEF1C-1FE9-40B7-A1F9-5630848AFF4A}.Release|Win32.ActiveCfg = Release|Win32
		{9A6CEF1C-1FE9-40B7-A1F9-5630848AFF4A}.Release|Win32.Build.0 = Release|Win32
	EndGlobalSection
	GlobalSection(SolutionProperties) = preSolution
		HideSolutionNode = FALSE
	EndGlobalSection
EndGlobal
