
Microsoft Visual Studio Solution File, Format Version 12.00
# Visual Studio 2013
VisualStudioVersion = 12.0.21005.1
MinimumVisualStudioVersion = 10.0.40219.1
Project("{8BC9CEB8-8B4A-11D0-8D11-00A0C91BC942}") = "PRO.Branch", "PRO.Branch\PRO.Branch.vcxproj", "{A2397E16-EF7D-48F7-AA9C-1C02FAF88D75}"
EndProject
Project("{8BC9CEB8-8B4A-11D0-8D11-00A0C91BC942}") = "PRO.ChangeCoin", "PRO.ChangeCoin\PRO.ChangeCoin.vcxproj", "{8A068936-D465-4454-ACB2-C1B2F909E5F2}"
EndProject
Project("{8BC9CEB8-8B4A-11D0-8D11-00A0C91BC942}") = "PRO.Knapsack_unbounded", "PRO.Knapsack_unbounded\PRO.Knapsack_unbounded.vcxproj", "{06E99FC3-57E9-4AD3-8ACE-245CE648A8D5}"
EndProject
Project("{8BC9CEB8-8B4A-11D0-8D11-00A0C91BC942}") = "AD.Boundary", "AD.Boundary\AD.Boundary.vcxproj", "{AFE35C93-3A49-4ED5-8D13-DD8933CFCBCB}"
EndProject
Project("{8BC9CEB8-8B4A-11D0-8D11-00A0C91BC942}") = "AD.GoodSeq", "AD.GoodSeq\AD.GoodSeq.vcxproj", "{D55342E6-934C-403C-B51C-F56EF93C2E40}"
EndProject
Project("{8BC9CEB8-8B4A-11D0-8D11-00A0C91BC942}") = "PRO.2LineTile", "PRO.2LineTile\PRO.2LineTile.vcxproj", "{9CAA7C34-04C4-4454-9782-A41AE379A1FE}"
EndProject
Project("{8BC9CEB8-8B4A-11D0-8D11-00A0C91BC942}") = "PRO.UpStairs", "PRO.UpStairs\PRO.UpStairs.vcxproj", "{65652095-B0E3-49CB-B378-14DA8A849E49}"
EndProject
Project("{8BC9CEB8-8B4A-11D0-8D11-00A0C91BC942}") = "PRO.ChangeCoin_unbounded", "PRO.ChangeCoin_unbounded\PRO.ChangeCoin_unbounded.vcxproj", "{AB88A792-DFDA-40A0-AD8E-EEF3B18D3477}"
EndProject
Project("{8BC9CEB8-8B4A-11D0-8D11-00A0C91BC942}") = "PRO.Test2", "PRO.Test2\PRO.Test2.vcxproj", "{3E101D4C-8EF3-4680-AD1F-58CF728A475C}"
EndProject
Project("{8BC9CEB8-8B4A-11D0-8D11-00A0C91BC942}") = "PRO.TEST1", "PRO.TEST1\PRO.TEST1.vcxproj", "{91DB4A45-F8A6-496F-9D85-E33C1C679133}"
EndProject
Project("{8BC9CEB8-8B4A-11D0-8D11-00A0C91BC942}") = "PRO.Kanpsack2", "PRO.Kanpsack2\PRO.Kanpsack2.vcxproj", "{05C99B70-4D6F-49F6-A37D-AA7174C7662C}"
EndProject
Project("{8BC9CEB8-8B4A-11D0-8D11-00A0C91BC942}") = "PRO.QuickSort", "PRO.QuickSort\PRO.QuickSort.vcxproj", "{2189CF11-4F8B-410B-8E92-1DB03E63B557}"
EndProject
Project("{8BC9CEB8-8B4A-11D0-8D11-00A0C91BC942}") = "AD.Jangkki", "AD.Jangkki\AD.Jangkki.vcxproj", "{791380DC-5A7D-4F68-8BF0-585E8300602C}"
EndProject
Project("{8BC9CEB8-8B4A-11D0-8D11-00A0C91BC942}") = "PRO.MakeLine", "PRO.MakeLine\PRO.MakeLine.vcxproj", "{75C9F76F-9F5B-4D07-B586-9AB90DBD5BAF}"
EndProject
Project("{8BC9CEB8-8B4A-11D0-8D11-00A0C91BC942}") = "PRO.MovieTheater", "PRO.MovieTheater\PRO.MovieTheater.vcxproj", "{FD673CB8-E2FF-4131-BC91-7BE17DF78B09}"
EndProject
Project("{8BC9CEB8-8B4A-11D0-8D11-00A0C91BC942}") = "PRO.NumberCard", "PRO.NumberCard\PRO.NumberCard.vcxproj", "{44DD350E-0DE5-4CAA-B14D-28996CD9AEB1}"
EndProject
Project("{8BC9CEB8-8B4A-11D0-8D11-00A0C91BC942}") = "PRO.CarRacing_Jungol_1491", "PRO.CarRacing_Jungol_1491\PRO.CarRacing_Jungol_1491.vcxproj", "{B21AA22A-43D8-4E6A-812F-B5C9EB9530F3}"
EndProject
Project("{8BC9CEB8-8B4A-11D0-8D11-00A0C91BC942}") = "PRO.JeepssinBug.Jungol.1882", "PRO.JeepssinBug.Jungol.1882\PRO.JeepssinBug.Jungol.1882.vcxproj", "{8F627640-E0AF-4420-B5EB-57A5323221F1}"
EndProject
Project("{8BC9CEB8-8B4A-11D0-8D11-00A0C91BC942}") = "EXPERT.ImageRestore.161029", "EXPERT.ImageRestore.161029\EXPERT.ImageRestore.161029.vcxproj", "{D4F50E65-6580-4B27-954B-47C53095AE45}"
EndProject
Project("{8BC9CEB8-8B4A-11D0-8D11-00A0C91BC942}") = "PRO.ChangeCoin.Jungol.1382", "PRO.ChangeCoin.Jungol.1382\PRO.ChangeCoin.Jungol.1382.vcxproj", "{F240FE55-C628-447E-B3ED-101D4E85CB8A}"
EndProject
Global
	GlobalSection(SolutionConfigurationPlatforms) = preSolution
		Debug|Win32 = Debug|Win32
		Release|Win32 = Release|Win32
	EndGlobalSection
	GlobalSection(ProjectConfigurationPlatforms) = postSolution
		{A2397E16-EF7D-48F7-AA9C-1C02FAF88D75}.Debug|Win32.ActiveCfg = Debug|Win32
		{A2397E16-EF7D-48F7-AA9C-1C02FAF88D75}.Debug|Win32.Build.0 = Debug|Win32
		{A2397E16-EF7D-48F7-AA9C-1C02FAF88D75}.Release|Win32.ActiveCfg = Release|Win32
		{A2397E16-EF7D-48F7-AA9C-1C02FAF88D75}.Release|Win32.Build.0 = Release|Win32
		{8A068936-D465-4454-ACB2-C1B2F909E5F2}.Debug|Win32.ActiveCfg = Debug|Win32
		{8A068936-D465-4454-ACB2-C1B2F909E5F2}.Debug|Win32.Build.0 = Debug|Win32
		{8A068936-D465-4454-ACB2-C1B2F909E5F2}.Release|Win32.ActiveCfg = Release|Win32
		{8A068936-D465-4454-ACB2-C1B2F909E5F2}.Release|Win32.Build.0 = Release|Win32
		{06E99FC3-57E9-4AD3-8ACE-245CE648A8D5}.Debug|Win32.ActiveCfg = Debug|Win32
		{06E99FC3-57E9-4AD3-8ACE-245CE648A8D5}.Debug|Win32.Build.0 = Debug|Win32
		{06E99FC3-57E9-4AD3-8ACE-245CE648A8D5}.Release|Win32.ActiveCfg = Release|Win32
		{06E99FC3-57E9-4AD3-8ACE-245CE648A8D5}.Release|Win32.Build.0 = Release|Win32
		{AFE35C93-3A49-4ED5-8D13-DD8933CFCBCB}.Debug|Win32.ActiveCfg = Debug|Win32
		{AFE35C93-3A49-4ED5-8D13-DD8933CFCBCB}.Debug|Win32.Build.0 = Debug|Win32
		{AFE35C93-3A49-4ED5-8D13-DD8933CFCBCB}.Release|Win32.ActiveCfg = Release|Win32
		{AFE35C93-3A49-4ED5-8D13-DD8933CFCBCB}.Release|Win32.Build.0 = Release|Win32
		{D55342E6-934C-403C-B51C-F56EF93C2E40}.Debug|Win32.ActiveCfg = Debug|Win32
		{D55342E6-934C-403C-B51C-F56EF93C2E40}.Debug|Win32.Build.0 = Debug|Win32
		{D55342E6-934C-403C-B51C-F56EF93C2E40}.Release|Win32.ActiveCfg = Release|Win32
		{D55342E6-934C-403C-B51C-F56EF93C2E40}.Release|Win32.Build.0 = Release|Win32
		{9CAA7C34-04C4-4454-9782-A41AE379A1FE}.Debug|Win32.ActiveCfg = Debug|Win32
		{9CAA7C34-04C4-4454-9782-A41AE379A1FE}.Debug|Win32.Build.0 = Debug|Win32
		{9CAA7C34-04C4-4454-9782-A41AE379A1FE}.Release|Win32.ActiveCfg = Release|Win32
		{9CAA7C34-04C4-4454-9782-A41AE379A1FE}.Release|Win32.Build.0 = Release|Win32
		{65652095-B0E3-49CB-B378-14DA8A849E49}.Debug|Win32.ActiveCfg = Debug|Win32
		{65652095-B0E3-49CB-B378-14DA8A849E49}.Debug|Win32.Build.0 = Debug|Win32
		{65652095-B0E3-49CB-B378-14DA8A849E49}.Release|Win32.ActiveCfg = Release|Win32
		{65652095-B0E3-49CB-B378-14DA8A849E49}.Release|Win32.Build.0 = Release|Win32
		{AB88A792-DFDA-40A0-AD8E-EEF3B18D3477}.Debug|Win32.ActiveCfg = Debug|Win32
		{AB88A792-DFDA-40A0-AD8E-EEF3B18D3477}.Debug|Win32.Build.0 = Debug|Win32
		{AB88A792-DFDA-40A0-AD8E-EEF3B18D3477}.Release|Win32.ActiveCfg = Release|Win32
		{AB88A792-DFDA-40A0-AD8E-EEF3B18D3477}.Release|Win32.Build.0 = Release|Win32
		{3E101D4C-8EF3-4680-AD1F-58CF728A475C}.Debug|Win32.ActiveCfg = Debug|Win32
		{3E101D4C-8EF3-4680-AD1F-58CF728A475C}.Debug|Win32.Build.0 = Debug|Win32
		{3E101D4C-8EF3-4680-AD1F-58CF728A475C}.Release|Win32.ActiveCfg = Release|Win32
		{3E101D4C-8EF3-4680-AD1F-58CF728A475C}.Release|Win32.Build.0 = Release|Win32
		{91DB4A45-F8A6-496F-9D85-E33C1C679133}.Debug|Win32.ActiveCfg = Debug|Win32
		{91DB4A45-F8A6-496F-9D85-E33C1C679133}.Debug|Win32.Build.0 = Debug|Win32
		{91DB4A45-F8A6-496F-9D85-E33C1C679133}.Release|Win32.ActiveCfg = Release|Win32
		{91DB4A45-F8A6-496F-9D85-E33C1C679133}.Release|Win32.Build.0 = Release|Win32
		{05C99B70-4D6F-49F6-A37D-AA7174C7662C}.Debug|Win32.ActiveCfg = Debug|Win32
		{05C99B70-4D6F-49F6-A37D-AA7174C7662C}.Debug|Win32.Build.0 = Debug|Win32
		{05C99B70-4D6F-49F6-A37D-AA7174C7662C}.Release|Win32.ActiveCfg = Release|Win32
		{05C99B70-4D6F-49F6-A37D-AA7174C7662C}.Release|Win32.Build.0 = Release|Win32
		{2189CF11-4F8B-410B-8E92-1DB03E63B557}.Debug|Win32.ActiveCfg = Debug|Win32
		{2189CF11-4F8B-410B-8E92-1DB03E63B557}.Debug|Win32.Build.0 = Debug|Win32
		{2189CF11-4F8B-410B-8E92-1DB03E63B557}.Release|Win32.ActiveCfg = Release|Win32
		{2189CF11-4F8B-410B-8E92-1DB03E63B557}.Release|Win32.Build.0 = Release|Win32
		{791380DC-5A7D-4F68-8BF0-585E8300602C}.Debug|Win32.ActiveCfg = Debug|Win32
		{791380DC-5A7D-4F68-8BF0-585E8300602C}.Debug|Win32.Build.0 = Debug|Win32
		{791380DC-5A7D-4F68-8BF0-585E8300602C}.Release|Win32.ActiveCfg = Release|Win32
		{791380DC-5A7D-4F68-8BF0-585E8300602C}.Release|Win32.Build.0 = Release|Win32
		{75C9F76F-9F5B-4D07-B586-9AB90DBD5BAF}.Debug|Win32.ActiveCfg = Debug|Win32
		{75C9F76F-9F5B-4D07-B586-9AB90DBD5BAF}.Debug|Win32.Build.0 = Debug|Win32
		{75C9F76F-9F5B-4D07-B586-9AB90DBD5BAF}.Release|Win32.ActiveCfg = Release|Win32
		{75C9F76F-9F5B-4D07-B586-9AB90DBD5BAF}.Release|Win32.Build.0 = Release|Win32
		{FD673CB8-E2FF-4131-BC91-7BE17DF78B09}.Debug|Win32.ActiveCfg = Debug|Win32
		{FD673CB8-E2FF-4131-BC91-7BE17DF78B09}.Debug|Win32.Build.0 = Debug|Win32
		{FD673CB8-E2FF-4131-BC91-7BE17DF78B09}.Release|Win32.ActiveCfg = Release|Win32
		{FD673CB8-E2FF-4131-BC91-7BE17DF78B09}.Release|Win32.Build.0 = Release|Win32
		{44DD350E-0DE5-4CAA-B14D-28996CD9AEB1}.Debug|Win32.ActiveCfg = Debug|Win32
		{44DD350E-0DE5-4CAA-B14D-28996CD9AEB1}.Debug|Win32.Build.0 = Debug|Win32
		{44DD350E-0DE5-4CAA-B14D-28996CD9AEB1}.Release|Win32.ActiveCfg = Release|Win32
		{44DD350E-0DE5-4CAA-B14D-28996CD9AEB1}.Release|Win32.Build.0 = Release|Win32
		{B21AA22A-43D8-4E6A-812F-B5C9EB9530F3}.Debug|Win32.ActiveCfg = Debug|Win32
		{B21AA22A-43D8-4E6A-812F-B5C9EB9530F3}.Debug|Win32.Build.0 = Debug|Win32
		{B21AA22A-43D8-4E6A-812F-B5C9EB9530F3}.Release|Win32.ActiveCfg = Release|Win32
		{B21AA22A-43D8-4E6A-812F-B5C9EB9530F3}.Release|Win32.Build.0 = Release|Win32
		{8F627640-E0AF-4420-B5EB-57A5323221F1}.Debug|Win32.ActiveCfg = Debug|Win32
		{8F627640-E0AF-4420-B5EB-57A5323221F1}.Debug|Win32.Build.0 = Debug|Win32
		{8F627640-E0AF-4420-B5EB-57A5323221F1}.Release|Win32.ActiveCfg = Release|Win32
		{8F627640-E0AF-4420-B5EB-57A5323221F1}.Release|Win32.Build.0 = Release|Win32
		{D4F50E65-6580-4B27-954B-47C53095AE45}.Debug|Win32.ActiveCfg = Debug|Win32
		{D4F50E65-6580-4B27-954B-47C53095AE45}.Debug|Win32.Build.0 = Debug|Win32
		{D4F50E65-6580-4B27-954B-47C53095AE45}.Release|Win32.ActiveCfg = Release|Win32
		{D4F50E65-6580-4B27-954B-47C53095AE45}.Release|Win32.Build.0 = Release|Win32
		{F240FE55-C628-447E-B3ED-101D4E85CB8A}.Debug|Win32.ActiveCfg = Debug|Win32
		{F240FE55-C628-447E-B3ED-101D4E85CB8A}.Debug|Win32.Build.0 = Debug|Win32
		{F240FE55-C628-447E-B3ED-101D4E85CB8A}.Release|Win32.ActiveCfg = Release|Win32
		{F240FE55-C628-447E-B3ED-101D4E85CB8A}.Release|Win32.Build.0 = Release|Win32
	EndGlobalSection
	GlobalSection(SolutionProperties) = preSolution
		HideSolutionNode = FALSE
	EndGlobalSection
EndGlobal
